
Microsoft Visual Studio Solution File, Format Version 12.00
# Visual Studio 14
VisualStudioVersion = 14.0.25420.1
MinimumVisualStudioVersion = 10.0.40219.1
Project("{8BB2217D-0F2D-49D1-97BC-3654ED321F3B}") = "Cimpress.Auth0.Client.UnitTests", "test\Cimpress.Auth0.Client.UnitTests\Cimpress.Auth0.Client.UnitTests.xproj", "{0F165179-4960-461D-84C0-26E89580C106}"
EndProject
Project("{8BB2217D-0F2D-49D1-97BC-3654ED321F3B}") = "Cimpress.Auth0.Server", "src\Cimpress.Auth0.Server\Cimpress.Auth0.Server.xproj", "{FF120832-5C14-44CE-AC75-98F7C04C5B3B}"
EndProject
Project("{8BB2217D-0F2D-49D1-97BC-3654ED321F3B}") = "Cimpress.Auth0.Client", "src\Cimpress.Auth0.Client\Cimpress.Auth0.Client.xproj", "{B102748C-01E5-4BD7-8FA5-DB82C238C89B}"
EndProject
Project("{2150E333-8FDC-42A3-9474-1A3956D46DE8}") = "Solution", "Solution", "{1F7A7118-DAC9-4FF0-9750-13234358A7AE}"
	ProjectSection(SolutionItems) = preProject
		appveyor.yml = appveyor.yml
		build.ps1 = build.ps1
		global.json = global.json
	EndProjectSection
EndProject
Global
	GlobalSection(SolutionConfigurationPlatforms) = preSolution
		Debug|Any CPU = Debug|Any CPU
		Release|Any CPU = Release|Any CPU
	EndGlobalSection
	GlobalSection(ProjectConfigurationPlatforms) = postSolution
		{0F165179-4960-461D-84C0-26E89580C106}.Debug|Any CPU.ActiveCfg = Debug|Any CPU
		{0F165179-4960-461D-84C0-26E89580C106}.Debug|Any CPU.Build.0 = Debug|Any CPU
		{0F165179-4960-461D-84C0-26E89580C106}.Release|Any CPU.ActiveCfg = Release|Any CPU
		{0F165179-4960-461D-84C0-26E89580C106}.Release|Any CPU.Build.0 = Release|Any CPU
		{FF120832-5C14-44CE-AC75-98F7C04C5B3B}.Debug|Any CPU.ActiveCfg = Debug|Any CPU
		{FF120832-5C14-44CE-AC75-98F7C04C5B3B}.Debug|Any CPU.Build.0 = Debug|Any CPU
		{FF120832-5C14-44CE-AC75-98F7C04C5B3B}.Release|Any CPU.ActiveCfg = Release|Any CPU
		{FF120832-5C14-44CE-AC75-98F7C04C5B3B}.Release|Any CPU.Build.0 = Release|Any CPU
		{B102748C-01E5-4BD7-8FA5-DB82C238C89B}.Debug|Any CPU.ActiveCfg = Debug|Any CPU
		{B102748C-01E5-4BD7-8FA5-DB82C238C89B}.Debug|Any CPU.Build.0 = Debug|Any CPU
		{B102748C-01E5-4BD7-8FA5-DB82C238C89B}.Release|Any CPU.ActiveCfg = Release|Any CPU
		{B102748C-01E5-4BD7-8FA5-DB82C238C89B}.Release|Any CPU.Build.0 = Release|Any CPU
	EndGlobalSection
	GlobalSection(SolutionProperties) = preSolution
		HideSolutionNode = FALSE
	EndGlobalSection
EndGlobal
